
Microsoft Visual Studio Solution File, Format Version 12.00
# Visual Studio Version 16
VisualStudioVersion = 16.0.30309.148
MinimumVisualStudioVersion = 10.0.40219.1
Project("{8BC9CEB8-8B4A-11D0-8D11-00A0C91BC942}") = "mirai-demo", "mirai-demo.vcxproj", "{29146C41-0F72-4F07-8342-797466F67982}"
EndProject
Global
	GlobalSection(SolutionConfigurationPlatforms) = preSolution
		Debug|x64 = Debug|x64
		Debug|x86 = Debug|x86
		Release|x64 = Release|x64
		Release|x86 = Release|x86
	EndGlobalSection
	GlobalSection(ProjectConfigurationPlatforms) = postSolution
		{29146C41-0F72-4F07-8342-797466F67982}.Debug|x64.ActiveCfg = Debug|x64
		{29146C41-0F72-4F07-8342-797466F67982}.Debug|x64.Build.0 = Debug|x64
		{29146C41-0F72-4F07-8342-797466F67982}.Debug|x86.ActiveCfg = Debug|Win32
		{29146C41-0F72-4F07-8342-797466F67982}.Debug|x86.Build.0 = Debug|Win32
		{29146C41-0F72-4F07-8342-797466F67982}.Release|x64.ActiveCfg = Release|x64
		{29146C41-0F72-4F07-8342-797466F67982}.Release|x64.Build.0 = Release|x64
		{29146C41-0F72-4F07-8342-797466F67982}.Release|x86.ActiveCfg = Release|Win32
		{29146C41-0F72-4F07-8342-797466F67982}.Release|x86.Build.0 = Release|Win32
	EndGlobalSection
	GlobalSection(SolutionProperties) = preSolution
		HideSolutionNode = FALSE
	EndGlobalSection
	GlobalSection(ExtensibilityGlobals) = postSolution
		SolutionGuid = {3C3CDB67-DDC2-483F-8DAE-DA20382534B3}
	EndGlobalSection
EndGlobal
